
Microsoft Visual Studio Solution File, Format Version 12.00
# Visual Studio Version 16
VisualStudioVersion = 16.0.32106.194
MinimumVisualStudioVersion = 10.0.40219.1
Project("{FAE04EC0-301F-11D3-BF4B-00C04F79EFBC}") = "Superproga", "Superproga\Superproga.csproj", "{4E6724BE-B08E-4885-A5BD-00218A37F675}"
EndProject
Global
	GlobalSection(SolutionConfigurationPlatforms) = preSolution
		Debug|Any CPU = Debug|Any CPU
		Release|Any CPU = Release|Any CPU
	EndGlobalSection
	GlobalSection(ProjectConfigurationPlatforms) = postSolution
		{4E6724BE-B08E-4885-A5BD-00218A37F675}.Debug|Any CPU.ActiveCfg = Debug|Any CPU
		{4E6724BE-B08E-4885-A5BD-00218A37F675}.Debug|Any CPU.Build.0 = Debug|Any CPU
		{4E6724BE-B08E-4885-A5BD-00218A37F675}.Release|Any CPU.ActiveCfg = Release|Any CPU
		{4E6724BE-B08E-4885-A5BD-00218A37F675}.Release|Any CPU.Build.0 = Release|Any CPU
	EndGlobalSection
	GlobalSection(SolutionProperties) = preSolution
		HideSolutionNode = FALSE
	EndGlobalSection
	GlobalSection(ExtensibilityGlobals) = postSolution
		SolutionGuid = {14FBD6BF-FCFB-457C-AB7F-D235728F1A78}
	EndGlobalSection
EndGlobal
